<Solution>
  <Folder Name="/API/">
    <Project Path="MultiEditorPCC.API/MultiEditorPCC.API.csproj" Id="8ef989e0-4d24-4bc2-9ced-be8ccaeea38b" />
  </Folder>
  <Folder Name="/Dat/" />
  <Folder Name="/GUI/">
    <Project Path="MultiEditorPCC/MultiEditorPCC.csproj" />
  </Folder>
  <Folder Name="/Shared/">
    <Project Path="MultiEditorPCC.Shared/MultiEditorPCC.Shared.csproj" />
  </Folder>
  <Folder Name="/Solution Items/">
    <File Path=".editorconfig" />
  </Folder>
  <Folder Name="/Test/" />
</Solution>
